
Microsoft Visual Studio Solution File, Format Version 12.00
# Visual Studio Version 17
VisualStudioVersion = 17.7.34031.279
MinimumVisualStudioVersion = 10.0.40219.1
Project("{9A19103F-16F7-4668-BE54-9A1E7A4F7556}") = "Lab3_OOP", "Lab3_OOP\Lab3_OOP.csproj", "{90F8F5C1-5AD5-4ABD-9BB4-668E1E6E213F}"
EndProject
Project("{2150E333-8FDC-42A3-9474-1A3956D46DE8}") = "Элементы решения", "Элементы решения", "{2487770D-F2C4-4504-83F3-ED88D4FC1814}"
	ProjectSection(SolutionItems) = preProject
		models.cs = models.cs
	EndProjectSection
EndProject
Global
	GlobalSection(SolutionConfigurationPlatforms) = preSolution
		Debug|Any CPU = Debug|Any CPU
		Release|Any CPU = Release|Any CPU
	EndGlobalSection
	GlobalSection(ProjectConfigurationPlatforms) = postSolution
		{90F8F5C1-5AD5-4ABD-9BB4-668E1E6E213F}.Debug|Any CPU.ActiveCfg = Debug|Any CPU
		{90F8F5C1-5AD5-4ABD-9BB4-668E1E6E213F}.Debug|Any CPU.Build.0 = Debug|Any CPU
		{90F8F5C1-5AD5-4ABD-9BB4-668E1E6E213F}.Debug|Any CPU.Deploy.0 = Debug|Any CPU
		{90F8F5C1-5AD5-4ABD-9BB4-668E1E6E213F}.Release|Any CPU.ActiveCfg = Release|Any CPU
		{90F8F5C1-5AD5-4ABD-9BB4-668E1E6E213F}.Release|Any CPU.Build.0 = Release|Any CPU
		{90F8F5C1-5AD5-4ABD-9BB4-668E1E6E213F}.Release|Any CPU.Deploy.0 = Release|Any CPU
	EndGlobalSection
	GlobalSection(SolutionProperties) = preSolution
		HideSolutionNode = FALSE
	EndGlobalSection
	GlobalSection(ExtensibilityGlobals) = postSolution
		SolutionGuid = {040443C4-A93D-43B5-A877-E8063BE2E8CB}
	EndGlobalSection
EndGlobal
